
Microsoft Visual Studio Solution File, Format Version 12.00
# Visual Studio Version 17
VisualStudioVersion = 17.10.35122.118
MinimumVisualStudioVersion = 10.0.40219.1
Project("{9A19103F-16F7-4668-BE54-9A1E7A4F7556}") = "My1kWordsEe", "My1kWordsEe\My1kWordsEe.csproj", "{497B021C-F03E-4CB6-BC42-3A9D8BC68F68}"
EndProject
Project("{9A19103F-16F7-4668-BE54-9A1E7A4F7556}") = "My1kWordsEe.Tests.E2E", "My1kWordsEe.Tests.E2E\My1kWordsEe.Tests.E2E.csproj", "{E75AC254-1096-42BF-9902-8BE26FC68E8B}"
EndProject
Project("{FAE04EC0-301F-11D3-BF4B-00C04F79EFBC}") = "My1kWordsEe.Cmd", "My1kWordsEe.Cmd\My1kWordsEe.Cmd.csproj", "{D124C849-3B0B-43AB-830C-B518BD57CE34}"
EndProject
Project("{FAE04EC0-301F-11D3-BF4B-00C04F79EFBC}") = "My1kWordsEe.Tests.Unit", "My1kWordsEe.Tests.Unit\My1kWordsEe.Tests.Unit.csproj", "{60DE0FDF-5FCC-458D-83AD-C0903D8F4AC6}"
EndProject
Project("{2150E333-8FDC-42A3-9474-1A3956D46DE8}") = "Solution Items", "Solution Items", "{34CA029A-2B93-4318-AEA2-EDD672C0DDFC}"
	ProjectSection(SolutionItems) = preProject
		.editorconfig = .editorconfig
	EndProjectSection
EndProject
Global
	GlobalSection(SolutionConfigurationPlatforms) = preSolution
		Debug|Any CPU = Debug|Any CPU
		Release|Any CPU = Release|Any CPU
	EndGlobalSection
	GlobalSection(ProjectConfigurationPlatforms) = postSolution
		{497B021C-F03E-4CB6-BC42-3A9D8BC68F68}.Debug|Any CPU.ActiveCfg = Debug|Any CPU
		{497B021C-F03E-4CB6-BC42-3A9D8BC68F68}.Debug|Any CPU.Build.0 = Debug|Any CPU
		{497B021C-F03E-4CB6-BC42-3A9D8BC68F68}.Release|Any CPU.ActiveCfg = Release|Any CPU
		{497B021C-F03E-4CB6-BC42-3A9D8BC68F68}.Release|Any CPU.Build.0 = Release|Any CPU
		{E75AC254-1096-42BF-9902-8BE26FC68E8B}.Debug|Any CPU.ActiveCfg = Debug|Any CPU
		{E75AC254-1096-42BF-9902-8BE26FC68E8B}.Debug|Any CPU.Build.0 = Debug|Any CPU
		{E75AC254-1096-42BF-9902-8BE26FC68E8B}.Release|Any CPU.ActiveCfg = Release|Any CPU
		{E75AC254-1096-42BF-9902-8BE26FC68E8B}.Release|Any CPU.Build.0 = Release|Any CPU
		{D124C849-3B0B-43AB-830C-B518BD57CE34}.Debug|Any CPU.ActiveCfg = Debug|Any CPU
		{D124C849-3B0B-43AB-830C-B518BD57CE34}.Debug|Any CPU.Build.0 = Debug|Any CPU
		{D124C849-3B0B-43AB-830C-B518BD57CE34}.Release|Any CPU.ActiveCfg = Release|Any CPU
		{D124C849-3B0B-43AB-830C-B518BD57CE34}.Release|Any CPU.Build.0 = Release|Any CPU
		{60DE0FDF-5FCC-458D-83AD-C0903D8F4AC6}.Debug|Any CPU.ActiveCfg = Debug|Any CPU
		{60DE0FDF-5FCC-458D-83AD-C0903D8F4AC6}.Debug|Any CPU.Build.0 = Debug|Any CPU
		{60DE0FDF-5FCC-458D-83AD-C0903D8F4AC6}.Release|Any CPU.ActiveCfg = Release|Any CPU
		{60DE0FDF-5FCC-458D-83AD-C0903D8F4AC6}.Release|Any CPU.Build.0 = Release|Any CPU
	EndGlobalSection
	GlobalSection(SolutionProperties) = preSolution
		HideSolutionNode = FALSE
	EndGlobalSection
	GlobalSection(ExtensibilityGlobals) = postSolution
		SolutionGuid = {87263A79-FD72-41CF-8A55-7032144C45A5}
	EndGlobalSection
EndGlobal
