
Microsoft Visual Studio Solution File, Format Version 12.00
# Visual Studio Version 17
VisualStudioVersion = 17.10.35122.118
MinimumVisualStudioVersion = 10.0.40219.1
Project("{FAE04EC0-301F-11D3-BF4B-00C04F79EFBC}") = "My1kWordsEe", "My1kWordsEe.csproj", "{BB4481CB-953B-4534-9A1B-6F2476691171}"
EndProject
Global
	GlobalSection(SolutionConfigurationPlatforms) = preSolution
		Debug|Any CPU = Debug|Any CPU
		Release|Any CPU = Release|Any CPU
	EndGlobalSection
	GlobalSection(ProjectConfigurationPlatforms) = postSolution
		{BB4481CB-953B-4534-9A1B-6F2476691171}.Debug|Any CPU.ActiveCfg = Debug|Any CPU
		{BB4481CB-953B-4534-9A1B-6F2476691171}.Debug|Any CPU.Build.0 = Debug|Any CPU
		{BB4481CB-953B-4534-9A1B-6F2476691171}.Release|Any CPU.ActiveCfg = Release|Any CPU
		{BB4481CB-953B-4534-9A1B-6F2476691171}.Release|Any CPU.Build.0 = Release|Any CPU
	EndGlobalSection
	GlobalSection(SolutionProperties) = preSolution
		HideSolutionNode = FALSE
	EndGlobalSection
	GlobalSection(ExtensibilityGlobals) = postSolution
		SolutionGuid = {2EB5AC36-39D4-4EC1-920D-6D7CF312CFBD}
	EndGlobalSection
EndGlobal
