
Microsoft Visual Studio Solution File, Format Version 12.00
# Visual Studio Version 17
VisualStudioVersion = 17.10.35122.118
MinimumVisualStudioVersion = 10.0.40219.1
Project("{9A19103F-16F7-4668-BE54-9A1E7A4F7556}") = "My1kWordsEe", "My1kWordsEe.csproj", "{497B021C-F03E-4CB6-BC42-3A9D8BC68F68}"
EndProject
Global
	GlobalSection(SolutionConfigurationPlatforms) = preSolution
		Debug|Any CPU = Debug|Any CPU
		Release|Any CPU = Release|Any CPU
	EndGlobalSection
	GlobalSection(ProjectConfigurationPlatforms) = postSolution
		{497B021C-F03E-4CB6-BC42-3A9D8BC68F68}.Debug|Any CPU.ActiveCfg = Debug|Any CPU
		{497B021C-F03E-4CB6-BC42-3A9D8BC68F68}.Debug|Any CPU.Build.0 = Debug|Any CPU
		{497B021C-F03E-4CB6-BC42-3A9D8BC68F68}.Release|Any CPU.ActiveCfg = Release|Any CPU
		{497B021C-F03E-4CB6-BC42-3A9D8BC68F68}.Release|Any CPU.Build.0 = Release|Any CPU
	EndGlobalSection
	GlobalSection(SolutionProperties) = preSolution
		HideSolutionNode = FALSE
	EndGlobalSection
	GlobalSection(ExtensibilityGlobals) = postSolution
		SolutionGuid = {87263A79-FD72-41CF-8A55-7032144C45A5}
	EndGlobalSection
EndGlobal
