
Microsoft Visual Studio Solution File, Format Version 12.00
# Visual Studio Version 17
VisualStudioVersion = 17.5.002.0
MinimumVisualStudioVersion = 10.0.40219.1
Project("{9A19103F-16F7-4668-BE54-9A1E7A4F7556}") = "My1kWordsEe", "My1kWordsEe.csproj", "{B0E5349E-637D-4214-9406-9925F5AE5DDC}"
EndProject
Global
	GlobalSection(SolutionConfigurationPlatforms) = preSolution
		Debug|Any CPU = Debug|Any CPU
		Release|Any CPU = Release|Any CPU
	EndGlobalSection
	GlobalSection(ProjectConfigurationPlatforms) = postSolution
		{B0E5349E-637D-4214-9406-9925F5AE5DDC}.Debug|Any CPU.ActiveCfg = Debug|Any CPU
		{B0E5349E-637D-4214-9406-9925F5AE5DDC}.Debug|Any CPU.Build.0 = Debug|Any CPU
		{B0E5349E-637D-4214-9406-9925F5AE5DDC}.Release|Any CPU.ActiveCfg = Release|Any CPU
		{B0E5349E-637D-4214-9406-9925F5AE5DDC}.Release|Any CPU.Build.0 = Release|Any CPU
	EndGlobalSection
	GlobalSection(SolutionProperties) = preSolution
		HideSolutionNode = FALSE
	EndGlobalSection
	GlobalSection(ExtensibilityGlobals) = postSolution
		SolutionGuid = {67307AA2-A174-4E0D-A8FF-F85473BE6552}
	EndGlobalSection
EndGlobal
