
Microsoft Visual Studio Solution File, Format Version 12.00
# Visual Studio Version 17
VisualStudioVersion = 17.5.002.0
MinimumVisualStudioVersion = 10.0.40219.1
Project("{9A19103F-16F7-4668-BE54-9A1E7A4F7556}") = "blazor-app", "blazor-app.csproj", "{158FFF1C-A3B3-4A25-9438-01E3A6909A4E}"
EndProject
Global
	GlobalSection(SolutionConfigurationPlatforms) = preSolution
		Debug|Any CPU = Debug|Any CPU
		Release|Any CPU = Release|Any CPU
	EndGlobalSection
	GlobalSection(ProjectConfigurationPlatforms) = postSolution
		{158FFF1C-A3B3-4A25-9438-01E3A6909A4E}.Debug|Any CPU.ActiveCfg = Debug|Any CPU
		{158FFF1C-A3B3-4A25-9438-01E3A6909A4E}.Debug|Any CPU.Build.0 = Debug|Any CPU
		{158FFF1C-A3B3-4A25-9438-01E3A6909A4E}.Release|Any CPU.ActiveCfg = Release|Any CPU
		{158FFF1C-A3B3-4A25-9438-01E3A6909A4E}.Release|Any CPU.Build.0 = Release|Any CPU
	EndGlobalSection
	GlobalSection(SolutionProperties) = preSolution
		HideSolutionNode = FALSE
	EndGlobalSection
	GlobalSection(ExtensibilityGlobals) = postSolution
		SolutionGuid = {0D87C3C6-3C06-4687-BA57-857BFF0B191B}
	EndGlobalSection
EndGlobal
